
Microsoft Visual Studio Solution File, Format Version 12.00
Project("{2150E333-8FDC-42A3-9474-1A3956D46DE8}") = "src", "src", "{827E0CD3-B72D-47B6-A68D-7590B98EB39B}"
EndProject
Project("{2150E333-8FDC-42A3-9474-1A3956D46DE8}") = "Backend", "Backend", "{FE360695-3F2B-1049-3887-35FBB5135923}"
EndProject
Project("{FAE04EC0-301F-11D3-BF4B-00C04F79EFBC}") = "Kanban.Api", "src\Backend\Kanban.Api\Kanban.Api.csproj", "{1650B35B-1691-452C-A9A3-A13AF2D08D61}"
EndProject
Project("{FAE04EC0-301F-11D3-BF4B-00C04F79EFBC}") = "Kanban.Application", "src\Backend\Kanban.Application\Kanban.Application.csproj", "{60AAA33A-8D89-4B11-9A61-EBCAD37DDBA9}"
EndProject
Project("{FAE04EC0-301F-11D3-BF4B-00C04F79EFBC}") = "Kanban.Domain", "src\Backend\Kanban.Domain\Kanban.Domain.csproj", "{4098EFC8-4EDF-49C2-90FC-DCBC9AA78C08}"
EndProject
Project("{FAE04EC0-301F-11D3-BF4B-00C04F79EFBC}") = "Kanban.Infrastructure", "src\Backend\Kanban.Infrastructure\Kanban.Infrastructure.csproj", "{AB78C319-5313-4FBF-B8B6-D6C5039A53D5}"
EndProject
Project("{2150E333-8FDC-42A3-9474-1A3956D46DE8}") = "Shared", "Shared", "{C8E42992-5E42-0C2B-DBFE-AA848D06431C}"
EndProject
Project("{FAE04EC0-301F-11D3-BF4B-00C04F79EFBC}") = "Kanban.Communication", "src\Shared\Kanban.Communication\Kanban.Communication.csproj", "{798822E8-9D53-4416-BC0D-5CB9953C179A}"
EndProject
Project("{FAE04EC0-301F-11D3-BF4B-00C04F79EFBC}") = "Kanban.Exception", "src\Shared\Kanban.Exception\Kanban.Exception.csproj", "{3CFA4712-2550-4474-AA83-45DFAAEEE2E1}"
EndProject
Project("{2150E333-8FDC-42A3-9474-1A3956D46DE8}") = "Web", "Web", "{9F6E9D47-E94F-40D5-99E1-C0B035C124E5}"
EndProject
Project("{FAE04EC0-301F-11D3-BF4B-00C04F79EFBC}") = "Kanban.Adapter", "src\Web\Kanban.Adapter\Kanban.Adapter.csproj", "{0A08C6D5-5FA2-4A41-BBB5-B7F8A28DA0A3}"
EndProject
Project("{FAE04EC0-301F-11D3-BF4B-00C04F79EFBC}") = "Kanban.App", "src\Web\Kanban.App\Kanban.App.csproj", "{21531147-BA2A-4A4D-ACA9-DB53DF2A568F}"
EndProject
Global
	GlobalSection(SolutionConfigurationPlatforms) = preSolution
		Debug|Any CPU = Debug|Any CPU
		Debug|x64 = Debug|x64
		Debug|x86 = Debug|x86
		Release|Any CPU = Release|Any CPU
		Release|x64 = Release|x64
		Release|x86 = Release|x86
	EndGlobalSection
	GlobalSection(ProjectConfigurationPlatforms) = postSolution
		{1650B35B-1691-452C-A9A3-A13AF2D08D61}.Debug|Any CPU.ActiveCfg = Debug|Any CPU
		{1650B35B-1691-452C-A9A3-A13AF2D08D61}.Debug|Any CPU.Build.0 = Debug|Any CPU
		{1650B35B-1691-452C-A9A3-A13AF2D08D61}.Debug|x64.ActiveCfg = Debug|Any CPU
		{1650B35B-1691-452C-A9A3-A13AF2D08D61}.Debug|x64.Build.0 = Debug|Any CPU
		{1650B35B-1691-452C-A9A3-A13AF2D08D61}.Debug|x86.ActiveCfg = Debug|Any CPU
		{1650B35B-1691-452C-A9A3-A13AF2D08D61}.Debug|x86.Build.0 = Debug|Any CPU
		{1650B35B-1691-452C-A9A3-A13AF2D08D61}.Release|Any CPU.ActiveCfg = Release|Any CPU
		{1650B35B-1691-452C-A9A3-A13AF2D08D61}.Release|Any CPU.Build.0 = Release|Any CPU
		{1650B35B-1691-452C-A9A3-A13AF2D08D61}.Release|x64.ActiveCfg = Release|Any CPU
		{1650B35B-1691-452C-A9A3-A13AF2D08D61}.Release|x64.Build.0 = Release|Any CPU
		{1650B35B-1691-452C-A9A3-A13AF2D08D61}.Release|x86.ActiveCfg = Release|Any CPU
		{1650B35B-1691-452C-A9A3-A13AF2D08D61}.Release|x86.Build.0 = Release|Any CPU
		{60AAA33A-8D89-4B11-9A61-EBCAD37DDBA9}.Debug|Any CPU.ActiveCfg = Debug|Any CPU
		{60AAA33A-8D89-4B11-9A61-EBCAD37DDBA9}.Debug|Any CPU.Build.0 = Debug|Any CPU
		{60AAA33A-8D89-4B11-9A61-EBCAD37DDBA9}.Debug|x64.ActiveCfg = Debug|Any CPU
		{60AAA33A-8D89-4B11-9A61-EBCAD37DDBA9}.Debug|x64.Build.0 = Debug|Any CPU
		{60AAA33A-8D89-4B11-9A61-EBCAD37DDBA9}.Debug|x86.ActiveCfg = Debug|Any CPU
		{60AAA33A-8D89-4B11-9A61-EBCAD37DDBA9}.Debug|x86.Build.0 = Debug|Any CPU
		{60AAA33A-8D89-4B11-9A61-EBCAD37DDBA9}.Release|Any CPU.ActiveCfg = Release|Any CPU
		{60AAA33A-8D89-4B11-9A61-EBCAD37DDBA9}.Release|Any CPU.Build.0 = Release|Any CPU
		{60AAA33A-8D89-4B11-9A61-EBCAD37DDBA9}.Release|x64.ActiveCfg = Release|Any CPU
		{60AAA33A-8D89-4B11-9A61-EBCAD37DDBA9}.Release|x64.Build.0 = Release|Any CPU
		{60AAA33A-8D89-4B11-9A61-EBCAD37DDBA9}.Release|x86.ActiveCfg = Release|Any CPU
		{60AAA33A-8D89-4B11-9A61-EBCAD37DDBA9}.Release|x86.Build.0 = Release|Any CPU
		{4098EFC8-4EDF-49C2-90FC-DCBC9AA78C08}.Debug|Any CPU.ActiveCfg = Debug|Any CPU
		{4098EFC8-4EDF-49C2-90FC-DCBC9AA78C08}.Debug|Any CPU.Build.0 = Debug|Any CPU
		{4098EFC8-4EDF-49C2-90FC-DCBC9AA78C08}.Debug|x64.ActiveCfg = Debug|Any CPU
		{4098EFC8-4EDF-49C2-90FC-DCBC9AA78C08}.Debug|x64.Build.0 = Debug|Any CPU
		{4098EFC8-4EDF-49C2-90FC-DCBC9AA78C08}.Debug|x86.ActiveCfg = Debug|Any CPU
		{4098EFC8-4EDF-49C2-90FC-DCBC9AA78C08}.Debug|x86.Build.0 = Debug|Any CPU
		{4098EFC8-4EDF-49C2-90FC-DCBC9AA78C08}.Release|Any CPU.ActiveCfg = Release|Any CPU
		{4098EFC8-4EDF-49C2-90FC-DCBC9AA78C08}.Release|Any CPU.Build.0 = Release|Any CPU
		{4098EFC8-4EDF-49C2-90FC-DCBC9AA78C08}.Release|x64.ActiveCfg = Release|Any CPU
		{4098EFC8-4EDF-49C2-90FC-DCBC9AA78C08}.Release|x64.Build.0 = Release|Any CPU
		{4098EFC8-4EDF-49C2-90FC-DCBC9AA78C08}.Release|x86.ActiveCfg = Release|Any CPU
		{4098EFC8-4EDF-49C2-90FC-DCBC9AA78C08}.Release|x86.Build.0 = Release|Any CPU
		{AB78C319-5313-4FBF-B8B6-D6C5039A53D5}.Debug|Any CPU.ActiveCfg = Debug|Any CPU
		{AB78C319-5313-4FBF-B8B6-D6C5039A53D5}.Debug|Any CPU.Build.0 = Debug|Any CPU
		{AB78C319-5313-4FBF-B8B6-D6C5039A53D5}.Debug|x64.ActiveCfg = Debug|Any CPU
		{AB78C319-5313-4FBF-B8B6-D6C5039A53D5}.Debug|x64.Build.0 = Debug|Any CPU
		{AB78C319-5313-4FBF-B8B6-D6C5039A53D5}.Debug|x86.ActiveCfg = Debug|Any CPU
		{AB78C319-5313-4FBF-B8B6-D6C5039A53D5}.Debug|x86.Build.0 = Debug|Any CPU
		{AB78C319-5313-4FBF-B8B6-D6C5039A53D5}.Release|Any CPU.ActiveCfg = Release|Any CPU
		{AB78C319-5313-4FBF-B8B6-D6C5039A53D5}.Release|Any CPU.Build.0 = Release|Any CPU
		{AB78C319-5313-4FBF-B8B6-D6C5039A53D5}.Release|x64.ActiveCfg = Release|Any CPU
		{AB78C319-5313-4FBF-B8B6-D6C5039A53D5}.Release|x64.Build.0 = Release|Any CPU
		{AB78C319-5313-4FBF-B8B6-D6C5039A53D5}.Release|x86.ActiveCfg = Release|Any CPU
		{AB78C319-5313-4FBF-B8B6-D6C5039A53D5}.Release|x86.Build.0 = Release|Any CPU
		{798822E8-9D53-4416-BC0D-5CB9953C179A}.Debug|Any CPU.ActiveCfg = Debug|Any CPU
		{798822E8-9D53-4416-BC0D-5CB9953C179A}.Debug|Any CPU.Build.0 = Debug|Any CPU
		{798822E8-9D53-4416-BC0D-5CB9953C179A}.Debug|x64.ActiveCfg = Debug|Any CPU
		{798822E8-9D53-4416-BC0D-5CB9953C179A}.Debug|x64.Build.0 = Debug|Any CPU
		{798822E8-9D53-4416-BC0D-5CB9953C179A}.Debug|x86.ActiveCfg = Debug|Any CPU
		{798822E8-9D53-4416-BC0D-5CB9953C179A}.Debug|x86.Build.0 = Debug|Any CPU
		{798822E8-9D53-4416-BC0D-5CB9953C179A}.Release|Any CPU.ActiveCfg = Release|Any CPU
		{798822E8-9D53-4416-BC0D-5CB9953C179A}.Release|Any CPU.Build.0 = Release|Any CPU
		{798822E8-9D53-4416-BC0D-5CB9953C179A}.Release|x64.ActiveCfg = Release|Any CPU
		{798822E8-9D53-4416-BC0D-5CB9953C179A}.Release|x64.Build.0 = Release|Any CPU
		{798822E8-9D53-4416-BC0D-5CB9953C179A}.Release|x86.ActiveCfg = Release|Any CPU
		{798822E8-9D53-4416-BC0D-5CB9953C179A}.Release|x86.Build.0 = Release|Any CPU
		{3CFA4712-2550-4474-AA83-45DFAAEEE2E1}.Debug|Any CPU.ActiveCfg = Debug|Any CPU
		{3CFA4712-2550-4474-AA83-45DFAAEEE2E1}.Debug|Any CPU.Build.0 = Debug|Any CPU
		{3CFA4712-2550-4474-AA83-45DFAAEEE2E1}.Debug|x64.ActiveCfg = Debug|Any CPU
		{3CFA4712-2550-4474-AA83-45DFAAEEE2E1}.Debug|x64.Build.0 = Debug|Any CPU
		{3CFA4712-2550-4474-AA83-45DFAAEEE2E1}.Debug|x86.ActiveCfg = Debug|Any CPU
		{3CFA4712-2550-4474-AA83-45DFAAEEE2E1}.Debug|x86.Build.0 = Debug|Any CPU
		{3CFA4712-2550-4474-AA83-45DFAAEEE2E1}.Release|Any CPU.ActiveCfg = Release|Any CPU
		{3CFA4712-2550-4474-AA83-45DFAAEEE2E1}.Release|Any CPU.Build.0 = Release|Any CPU
		{3CFA4712-2550-4474-AA83-45DFAAEEE2E1}.Release|x64.ActiveCfg = Release|Any CPU
		{3CFA4712-2550-4474-AA83-45DFAAEEE2E1}.Release|x64.Build.0 = Release|Any CPU
		{3CFA4712-2550-4474-AA83-45DFAAEEE2E1}.Release|x86.ActiveCfg = Release|Any CPU
		{3CFA4712-2550-4474-AA83-45DFAAEEE2E1}.Release|x86.Build.0 = Release|Any CPU
		{0A08C6D5-5FA2-4A41-BBB5-B7F8A28DA0A3}.Debug|Any CPU.ActiveCfg = Debug|Any CPU
		{0A08C6D5-5FA2-4A41-BBB5-B7F8A28DA0A3}.Debug|Any CPU.Build.0 = Debug|Any CPU
		{0A08C6D5-5FA2-4A41-BBB5-B7F8A28DA0A3}.Debug|x64.ActiveCfg = Debug|Any CPU
		{0A08C6D5-5FA2-4A41-BBB5-B7F8A28DA0A3}.Debug|x64.Build.0 = Debug|Any CPU
		{0A08C6D5-5FA2-4A41-BBB5-B7F8A28DA0A3}.Debug|x86.ActiveCfg = Debug|Any CPU
		{0A08C6D5-5FA2-4A41-BBB5-B7F8A28DA0A3}.Debug|x86.Build.0 = Debug|Any CPU
		{0A08C6D5-5FA2-4A41-BBB5-B7F8A28DA0A3}.Release|Any CPU.ActiveCfg = Release|Any CPU
		{0A08C6D5-5FA2-4A41-BBB5-B7F8A28DA0A3}.Release|Any CPU.Build.0 = Release|Any CPU
		{0A08C6D5-5FA2-4A41-BBB5-B7F8A28DA0A3}.Release|x64.ActiveCfg = Release|Any CPU
		{0A08C6D5-5FA2-4A41-BBB5-B7F8A28DA0A3}.Release|x64.Build.0 = Release|Any CPU
		{0A08C6D5-5FA2-4A41-BBB5-B7F8A28DA0A3}.Release|x86.ActiveCfg = Release|Any CPU
		{0A08C6D5-5FA2-4A41-BBB5-B7F8A28DA0A3}.Release|x86.Build.0 = Release|Any CPU
		{21531147-BA2A-4A4D-ACA9-DB53DF2A568F}.Debug|Any CPU.ActiveCfg = Debug|Any CPU
		{21531147-BA2A-4A4D-ACA9-DB53DF2A568F}.Debug|Any CPU.Build.0 = Debug|Any CPU
		{21531147-BA2A-4A4D-ACA9-DB53DF2A568F}.Debug|x64.ActiveCfg = Debug|Any CPU
		{21531147-BA2A-4A4D-ACA9-DB53DF2A568F}.Debug|x64.Build.0 = Debug|Any CPU
		{21531147-BA2A-4A4D-ACA9-DB53DF2A568F}.Debug|x86.ActiveCfg = Debug|Any CPU
		{21531147-BA2A-4A4D-ACA9-DB53DF2A568F}.Debug|x86.Build.0 = Debug|Any CPU
		{21531147-BA2A-4A4D-ACA9-DB53DF2A568F}.Release|Any CPU.ActiveCfg = Release|Any CPU
		{21531147-BA2A-4A4D-ACA9-DB53DF2A568F}.Release|Any CPU.Build.0 = Release|Any CPU
		{21531147-BA2A-4A4D-ACA9-DB53DF2A568F}.Release|x64.ActiveCfg = Release|Any CPU
		{21531147-BA2A-4A4D-ACA9-DB53DF2A568F}.Release|x64.Build.0 = Release|Any CPU
		{21531147-BA2A-4A4D-ACA9-DB53DF2A568F}.Release|x86.ActiveCfg = Release|Any CPU
		{21531147-BA2A-4A4D-ACA9-DB53DF2A568F}.Release|x86.Build.0 = Release|Any CPU
	EndGlobalSection
	GlobalSection(SolutionProperties) = preSolution
		HideSolutionNode = FALSE
	EndGlobalSection
	GlobalSection(NestedProjects) = preSolution
		{FE360695-3F2B-1049-3887-35FBB5135923} = {827E0CD3-B72D-47B6-A68D-7590B98EB39B}
		{1650B35B-1691-452C-A9A3-A13AF2D08D61} = {FE360695-3F2B-1049-3887-35FBB5135923}
		{60AAA33A-8D89-4B11-9A61-EBCAD37DDBA9} = {FE360695-3F2B-1049-3887-35FBB5135923}
		{4098EFC8-4EDF-49C2-90FC-DCBC9AA78C08} = {FE360695-3F2B-1049-3887-35FBB5135923}
		{AB78C319-5313-4FBF-B8B6-D6C5039A53D5} = {FE360695-3F2B-1049-3887-35FBB5135923}
		{C8E42992-5E42-0C2B-DBFE-AA848D06431C} = {827E0CD3-B72D-47B6-A68D-7590B98EB39B}
		{798822E8-9D53-4416-BC0D-5CB9953C179A} = {C8E42992-5E42-0C2B-DBFE-AA848D06431C}
		{3CFA4712-2550-4474-AA83-45DFAAEEE2E1} = {C8E42992-5E42-0C2B-DBFE-AA848D06431C}
		{9F6E9D47-E94F-40D5-99E1-C0B035C124E5} = {827E0CD3-B72D-47B6-A68D-7590B98EB39B}
		{0A08C6D5-5FA2-4A41-BBB5-B7F8A28DA0A3} = {9F6E9D47-E94F-40D5-99E1-C0B035C124E5}
		{21531147-BA2A-4A4D-ACA9-DB53DF2A568F} = {9F6E9D47-E94F-40D5-99E1-C0B035C124E5}
	EndGlobalSection
EndGlobal
